// !$*UTF8*$!
{
	archiveVersion = 1;
	classes = {
	};
	objectVersion = 46;
	objects = {

/* Begin PBXBuildFile section */
		F174BBC61D7D169800C5A026 /* main.m in Sources */ = {isa = PBXBuildFile; fileRef = F174BBC51D7D169800C5A026 /* main.m */; };
		F174BBC91D7D169800C5A026 /* AppDelegate.m in Sources */ = {isa = PBXBuildFile; fileRef = F174BBC81D7D169800C5A026 /* AppDelegate.m */; };
		F174BBCC1D7D169800C5A026 /* ViewController1.m in Sources */ = {isa = PBXBuildFile; fileRef = F174BBCB1D7D169800C5A026 /* ViewController1.m */; };
		F174BBCF1D7D169800C5A026 /* Main.storyboard in Resources */ = {isa = PBXBuildFile; fileRef = F174BBCD1D7D169800C5A026 /* Main.storyboard */; };
		F174BBD11D7D169800C5A026 /* Assets.xcassets in Resources */ = {isa = PBXBuildFile; fileRef = F174BBD01D7D169800C5A026 /* Assets.xcassets */; };
		F174BBD41D7D169800C5A026 /* LaunchScreen.storyboard in Resources */ = {isa = PBXBuildFile; fileRef = F174BBD21D7D169800C5A026 /* LaunchScreen.storyboard */; };
		F174BBDF1D7D169800C5A026 /* animationTests.m in Sources */ = {isa = PBXBuildFile; fileRef = F174BBDE1D7D169800C5A026 /* animationTests.m */; };
		F174BBEA1D7D169800C5A026 /* animationUITests.m in Sources */ = {isa = PBXBuildFile; fileRef = F174BBE91D7D169800C5A026 /* animationUITests.m */; };
		F1BC8A5B1D825818000711C1 /* Quartz2dViewController.m in Sources */ = {isa = PBXBuildFile; fileRef = F1BC8A5A1D825818000711C1 /* Quartz2dViewController.m */; };
		F1BC8A5E1D825843000711C1 /* QuartzView.m in Sources */ = {isa = PBXBuildFile; fileRef = F1BC8A5D1D825843000711C1 /* QuartzView.m */; };
		F1C969321D7FF7FC00A1A497 /* GradentViewController.m in Sources */ = {isa = PBXBuildFile; fileRef = F1C969311D7FF7FC00A1A497 /* GradentViewController.m */; };
		F1C969361D80053500A1A497 /* EmitterViewController.m in Sources */ = {isa = PBXBuildFile; fileRef = F1C969351D80053500A1A497 /* EmitterViewController.m */; };
		F1C9693A1D80107100A1A497 /* ReplicatorViewController.m in Sources */ = {isa = PBXBuildFile; fileRef = F1C969391D80107100A1A497 /* ReplicatorViewController.m */; };
		F1C969401D80F57200A1A497 /* ReplicatorView.m in Sources */ = {isa = PBXBuildFile; fileRef = F1C9693F1D80F57200A1A497 /* ReplicatorView.m */; };
		F1C969461D80FDE800A1A497 /* webView.m in Sources */ = {isa = PBXBuildFile; fileRef = F1C969451D80FDE800A1A497 /* webView.m */; };
		F1DAAC7A1D7D680500BE232F /* ViewController.m in Sources */ = {isa = PBXBuildFile; fileRef = F1DAAC791D7D680500BE232F /* ViewController.m */; };
		F1DAAC7D1D7D68EC00BE232F /* MaskViewController.m in Sources */ = {isa = PBXBuildFile; fileRef = F1DAAC7C1D7D68EC00BE232F /* MaskViewController.m */; };
		F1DAAC801D7D69EB00BE232F /* drawRectViewController.m in Sources */ = {isa = PBXBuildFile; fileRef = F1DAAC7F1D7D69EB00BE232F /* drawRectViewController.m */; };
		F1DAAC831D7D6A6A00BE232F /* DrawView.m in Sources */ = {isa = PBXBuildFile; fileRef = F1DAAC821D7D6A6A00BE232F /* DrawView.m */; };
		F1DAAC8B1D7E69F200BE232F /* BlurEffectViewController.m in Sources */ = {isa = PBXBuildFile; fileRef = F1DAAC8A1D7E69F200BE232F /* BlurEffectViewController.m */; };
/* End PBXBuildFile section */

/* Begin PBXContainerItemProxy section */
		F174BBDB1D7D169800C5A026 /* PBXContainerItemProxy */ = {
			isa = PBXContainerItemProxy;
			containerPortal = F174BBB91D7D169800C5A026 /* Project object */;
			proxyType = 1;
			remoteGlobalIDString = F174BBC01D7D169800C5A026;
			remoteInfo = animation;
		};
		F174BBE61D7D169800C5A026 /* PBXContainerItemProxy */ = {
			isa = PBXContainerItemProxy;
			containerPortal = F174BBB91D7D169800C5A026 /* Project object */;
			proxyType = 1;
			remoteGlobalIDString = F174BBC01D7D169800C5A026;
			remoteInfo = animation;
		};
/* End PBXContainerItemProxy section */

/* Begin PBXFileReference section */
		F174BBC11D7D169800C5A026 /* animation.app */ = {isa = PBXFileReference; explicitFileType = wrapper.application; includeInIndex = 0; path = animation.app; sourceTree = BUILT_PRODUCTS_DIR; };
		F174BBC51D7D169800C5A026 /* main.m */ = {isa = PBXFileReference; lastKnownFileType = sourcecode.c.objc; path = main.m; sourceTree = "<group>"; };
		F174BBC71D7D169800C5A026 /* AppDelegate.h */ = {isa = PBXFileReference; lastKnownFileType = sourcecode.c.h; path = AppDelegate.h; sourceTree = "<group>"; };
		F174BBC81D7D169800C5A026 /* AppDelegate.m */ = {isa = PBXFileReference; lastKnownFileType = sourcecode.c.objc; path = AppDelegate.m; sourceTree = "<group>"; };
		F174BBCA1D7D169800C5A026 /* ViewController1.h */ = {isa = PBXFileReference; lastKnownFileType = sourcecode.c.h; path = ViewController1.h; sourceTree = "<group>"; };
		F174BBCB1D7D169800C5A026 /* ViewController1.m */ = {isa = PBXFileReference; lastKnownFileType = sourcecode.c.objc; path = ViewController1.m; sourceTree = "<group>"; };
		F174BBCE1D7D169800C5A026 /* Base */ = {isa = PBXFileReference; lastKnownFileType = file.storyboard; name = Base; path = Base.lproj/Main.storyboard; sourceTree = "<group>"; };
		F174BBD01D7D169800C5A026 /* Assets.xcassets */ = {isa = PBXFileReference; lastKnownFileType = folder.assetcatalog; path = Assets.xcassets; sourceTree = "<group>"; };
		F174BBD31D7D169800C5A026 /* Base */ = {isa = PBXFileReference; lastKnownFileType = file.storyboard; name = Base; path = Base.lproj/LaunchScreen.storyboard; sourceTree = "<group>"; };
		F174BBD51D7D169800C5A026 /* Info.plist */ = {isa = PBXFileReference; lastKnownFileType = text.plist.xml; path = Info.plist; sourceTree = "<group>"; };
		F174BBDA1D7D169800C5A026 /* animationTests.xctest */ = {isa = PBXFileReference; explicitFileType = wrapper.cfbundle; includeInIndex = 0; path = animationTests.xctest; sourceTree = BUILT_PRODUCTS_DIR; };
		F174BBDE1D7D169800C5A026 /* animationTests.m */ = {isa = PBXFileReference; lastKnownFileType = sourcecode.c.objc; path = animationTests.m; sourceTree = "<group>"; };
		F174BBE01D7D169800C5A026 /* Info.plist */ = {isa = PBXFileReference; lastKnownFileType = text.plist.xml; path = Info.plist; sourceTree = "<group>"; };
		F174BBE51D7D169800C5A026 /* animationUITests.xctest */ = {isa = PBXFileReference; explicitFileType = wrapper.cfbundle; includeInIndex = 0; path = animationUITests.xctest; sourceTree = BUILT_PRODUCTS_DIR; };
		F174BBE91D7D169800C5A026 /* animationUITests.m */ = {isa = PBXFileReference; lastKnownFileType = sourcecode.c.objc; path = animationUITests.m; sourceTree = "<group>"; };
		F174BBEB1D7D169800C5A026 /* Info.plist */ = {isa = PBXFileReference; lastKnownFileType = text.plist.xml; path = Info.plist; sourceTree = "<group>"; };
		F1BC8A591D825818000711C1 /* Quartz2dViewController.h */ = {isa = PBXFileReference; fileEncoding = 4; lastKnownFileType = sourcecode.c.h; path = Quartz2dViewController.h; sourceTree = "<group>"; };
		F1BC8A5A1D825818000711C1 /* Quartz2dViewController.m */ = {isa = PBXFileReference; fileEncoding = 4; lastKnownFileType = sourcecode.c.objc; path = Quartz2dViewController.m; sourceTree = "<group>"; };
		F1BC8A5C1D825843000711C1 /* QuartzView.h */ = {isa = PBXFileReference; fileEncoding = 4; lastKnownFileType = sourcecode.c.h; path = QuartzView.h; sourceTree = "<group>"; };
		F1BC8A5D1D825843000711C1 /* QuartzView.m */ = {isa = PBXFileReference; fileEncoding = 4; lastKnownFileType = sourcecode.c.objc; path = QuartzView.m; sourceTree = "<group>"; };
		F1C969301D7FF7FC00A1A497 /* GradentViewController.h */ = {isa = PBXFileReference; fileEncoding = 4; lastKnownFileType = sourcecode.c.h; path = GradentViewController.h; sourceTree = "<group>"; };
		F1C969311D7FF7FC00A1A497 /* GradentViewController.m */ = {isa = PBXFileReference; fileEncoding = 4; lastKnownFileType = sourcecode.c.objc; path = GradentViewController.m; sourceTree = "<group>"; };
		F1C969341D80053500A1A497 /* EmitterViewController.h */ = {isa = PBXFileReference; fileEncoding = 4; lastKnownFileType = sourcecode.c.h; path = EmitterViewController.h; sourceTree = "<group>"; };
		F1C969351D80053500A1A497 /* EmitterViewController.m */ = {isa = PBXFileReference; fileEncoding = 4; lastKnownFileType = sourcecode.c.objc; path = EmitterViewController.m; sourceTree = "<group>"; };
		F1C969381D80107100A1A497 /* ReplicatorViewController.h */ = {isa = PBXFileReference; fileEncoding = 4; lastKnownFileType = sourcecode.c.h; path = ReplicatorViewController.h; sourceTree = "<group>"; };
		F1C969391D80107100A1A497 /* ReplicatorViewController.m */ = {isa = PBXFileReference; fileEncoding = 4; lastKnownFileType = sourcecode.c.objc; path = ReplicatorViewController.m; sourceTree = "<group>"; };
		F1C9693E1D80F57200A1A497 /* ReplicatorView.h */ = {isa = PBXFileReference; fileEncoding = 4; lastKnownFileType = sourcecode.c.h; path = ReplicatorView.h; sourceTree = "<group>"; };
		F1C9693F1D80F57200A1A497 /* ReplicatorView.m */ = {isa = PBXFileReference; fileEncoding = 4; lastKnownFileType = sourcecode.c.objc; path = ReplicatorView.m; sourceTree = "<group>"; };
		F1C969441D80FDE800A1A497 /* webView.h */ = {isa = PBXFileReference; fileEncoding = 4; lastKnownFileType = sourcecode.c.h; path = webView.h; sourceTree = "<group>"; };
		F1C969451D80FDE800A1A497 /* webView.m */ = {isa = PBXFileReference; fileEncoding = 4; lastKnownFileType = sourcecode.c.objc; path = webView.m; sourceTree = "<group>"; };
		F1DAAC781D7D680500BE232F /* ViewController.h */ = {isa = PBXFileReference; fileEncoding = 4; lastKnownFileType = sourcecode.c.h; path = ViewController.h; sourceTree = "<group>"; };
		F1DAAC791D7D680500BE232F /* ViewController.m */ = {isa = PBXFileReference; fileEncoding = 4; lastKnownFileType = sourcecode.c.objc; path = ViewController.m; sourceTree = "<group>"; };
		F1DAAC7B1D7D68EC00BE232F /* MaskViewController.h */ = {isa = PBXFileReference; fileEncoding = 4; lastKnownFileType = sourcecode.c.h; path = MaskViewController.h; sourceTree = "<group>"; };
		F1DAAC7C1D7D68EC00BE232F /* MaskViewController.m */ = {isa = PBXFileReference; fileEncoding = 4; lastKnownFileType = sourcecode.c.objc; path = MaskViewController.m; sourceTree = "<group>"; };
		F1DAAC7E1D7D69EB00BE232F /* drawRectViewController.h */ = {isa = PBXFileReference; fileEncoding = 4; lastKnownFileType = sourcecode.c.h; path = drawRectViewController.h; sourceTree = "<group>"; };
		F1DAAC7F1D7D69EB00BE232F /* drawRectViewController.m */ = {isa = PBXFileReference; fileEncoding = 4; lastKnownFileType = sourcecode.c.objc; path = drawRectViewController.m; sourceTree = "<group>"; };
		F1DAAC811D7D6A6A00BE232F /* DrawView.h */ = {isa = PBXFileReference; fileEncoding = 4; lastKnownFileType = sourcecode.c.h; path = DrawView.h; sourceTree = "<group>"; };
		F1DAAC821D7D6A6A00BE232F /* DrawView.m */ = {isa = PBXFileReference; fileEncoding = 4; lastKnownFileType = sourcecode.c.objc; path = DrawView.m; sourceTree = "<group>"; };
		F1DAAC891D7E69F200BE232F /* BlurEffectViewController.h */ = {isa = PBXFileReference; fileEncoding = 4; lastKnownFileType = sourcecode.c.h; path = BlurEffectViewController.h; sourceTree = "<group>"; };
		F1DAAC8A1D7E69F200BE232F /* BlurEffectViewController.m */ = {isa = PBXFileReference; fileEncoding = 4; lastKnownFileType = sourcecode.c.objc; path = BlurEffectViewController.m; sourceTree = "<group>"; };
/* End PBXFileReference section */

/* Begin PBXFrameworksBuildPhase section */
		F174BBBE1D7D169800C5A026 /* Frameworks */ = {
			isa = PBXFrameworksBuildPhase;
			buildActionMask = 2147483647;
			files = (
			);
			runOnlyForDeploymentPostprocessing = 0;
		};
		F174BBD71D7D169800C5A026 /* Frameworks */ = {
			isa = PBXFrameworksBuildPhase;
			buildActionMask = 2147483647;
			files = (
			);
			runOnlyForDeploymentPostprocessing = 0;
		};
		F174BBE21D7D169800C5A026 /* Frameworks */ = {
			isa = PBXFrameworksBuildPhase;
			buildActionMask = 2147483647;
			files = (
			);
			runOnlyForDeploymentPostprocessing = 0;
		};
/* End PBXFrameworksBuildPhase section */

/* Begin PBXGroup section */
		F174BBB81D7D169800C5A026 = {
			isa = PBXGroup;
			children = (
				F174BBC31D7D169800C5A026 /* animation */,
				F174BBDD1D7D169800C5A026 /* animationTests */,
				F174BBE81D7D169800C5A026 /* animationUITests */,
				F174BBC21D7D169800C5A026 /* Products */,
			);
			sourceTree = "<group>";
		};
		F174BBC21D7D169800C5A026 /* Products */ = {
			isa = PBXGroup;
			children = (
				F174BBC11D7D169800C5A026 /* animation.app */,
				F174BBDA1D7D169800C5A026 /* animationTests.xctest */,
				F174BBE51D7D169800C5A026 /* animationUITests.xctest */,
			);
			name = Products;
			sourceTree = "<group>";
		};
		F174BBC31D7D169800C5A026 /* animation */ = {
			isa = PBXGroup;
			children = (
				F1DAAC841D7E68BE00BE232F /* animation */,
				F174BBC71D7D169800C5A026 /* AppDelegate.h */,
				F174BBC81D7D169800C5A026 /* AppDelegate.m */,
				F1DAAC781D7D680500BE232F /* ViewController.h */,
				F1DAAC791D7D680500BE232F /* ViewController.m */,
				F174BBCD1D7D169800C5A026 /* Main.storyboard */,
				F174BBD01D7D169800C5A026 /* Assets.xcassets */,
				F174BBD21D7D169800C5A026 /* LaunchScreen.storyboard */,
				F174BBD51D7D169800C5A026 /* Info.plist */,
				F174BBC41D7D169800C5A026 /* Supporting Files */,
			);
			path = animation;
			sourceTree = "<group>";
		};
		F174BBC41D7D169800C5A026 /* Supporting Files */ = {
			isa = PBXGroup;
			children = (
				F174BBC51D7D169800C5A026 /* main.m */,
			);
			name = "Supporting Files";
			sourceTree = "<group>";
		};
		F174BBDD1D7D169800C5A026 /* animationTests */ = {
			isa = PBXGroup;
			children = (
				F174BBDE1D7D169800C5A026 /* animationTests.m */,
				F174BBE01D7D169800C5A026 /* Info.plist */,
			);
			path = animationTests;
			sourceTree = "<group>";
		};
		F174BBE81D7D169800C5A026 /* animationUITests */ = {
			isa = PBXGroup;
			children = (
				F174BBE91D7D169800C5A026 /* animationUITests.m */,
				F174BBEB1D7D169800C5A026 /* Info.plist */,
			);
			path = animationUITests;
			sourceTree = "<group>";
		};
		F1BC8A581D82579D000711C1 /* Quartz2d */ = {
			isa = PBXGroup;
			children = (
				F1BC8A591D825818000711C1 /* Quartz2dViewController.h */,
				F1BC8A5A1D825818000711C1 /* Quartz2dViewController.m */,
				F1BC8A5C1D825843000711C1 /* QuartzView.h */,
				F1BC8A5D1D825843000711C1 /* QuartzView.m */,
			);
			name = Quartz2d;
			sourceTree = "<group>";
		};
		F1C9692B1D7FF73B00A1A497 /* 颜色渐变 */ = {
			isa = PBXGroup;
			children = (
				F1C969301D7FF7FC00A1A497 /* GradentViewController.h */,
				F1C969311D7FF7FC00A1A497 /* GradentViewController.m */,
			);
			name = "颜色渐变";
			sourceTree = "<group>";
		};
		F1C969331D80051D00A1A497 /* 发射器 */ = {
			isa = PBXGroup;
			children = (
				F1C969341D80053500A1A497 /* EmitterViewController.h */,
				F1C969351D80053500A1A497 /* EmitterViewController.m */,
			);
			name = "发射器";
			sourceTree = "<group>";
		};
		F1C969371D80104D00A1A497 /* 翻转 */ = {
			isa = PBXGroup;
			children = (
				F1C969381D80107100A1A497 /* ReplicatorViewController.h */,
				F1C969391D80107100A1A497 /* ReplicatorViewController.m */,
				F1C9693E1D80F57200A1A497 /* ReplicatorView.h */,
				F1C9693F1D80F57200A1A497 /* ReplicatorView.m */,
				F1C969441D80FDE800A1A497 /* webView.h */,
				F1C969451D80FDE800A1A497 /* webView.m */,
			);
			name = "翻转";
			sourceTree = "<group>";
		};
		F1DAAC841D7E68BE00BE232F /* animation */ = {
			isa = PBXGroup;
			children = (
				F1BC8A581D82579D000711C1 /* Quartz2d */,
				F1C969371D80104D00A1A497 /* 翻转 */,
				F1C969331D80051D00A1A497 /* 发射器 */,
				F1C9692B1D7FF73B00A1A497 /* 颜色渐变 */,
				F1DAAC881D7E691800BE232F /* 高斯模糊 */,
				F1DAAC871D7E68FD00BE232F /* 遮罩 */,
				F1DAAC861D7E68E800BE232F /* 绘制 */,
				F1DAAC851D7E68D100BE232F /* 碎屏 */,
			);
			name = animation;
			sourceTree = "<group>";
		};
		F1DAAC851D7E68D100BE232F /* 碎屏 */ = {
			isa = PBXGroup;
			children = (
				F174BBCA1D7D169800C5A026 /* ViewController1.h */,
				F174BBCB1D7D169800C5A026 /* ViewController1.m */,
			);
			name = "碎屏";
			sourceTree = "<group>";
		};
		F1DAAC861D7E68E800BE232F /* 绘制 */ = {
			isa = PBXGroup;
			children = (
				F1DAAC7E1D7D69EB00BE232F /* drawRectViewController.h */,
				F1DAAC7F1D7D69EB00BE232F /* drawRectViewController.m */,
				F1DAAC811D7D6A6A00BE232F /* DrawView.h */,
				F1DAAC821D7D6A6A00BE232F /* DrawView.m */,
			);
			name = "绘制";
			sourceTree = "<group>";
		};
		F1DAAC871D7E68FD00BE232F /* 遮罩 */ = {
			isa = PBXGroup;
			children = (
				F1DAAC7B1D7D68EC00BE232F /* MaskViewController.h */,
				F1DAAC7C1D7D68EC00BE232F /* MaskViewController.m */,
			);
			name = "遮罩";
			sourceTree = "<group>";
		};
		F1DAAC881D7E691800BE232F /* 高斯模糊 */ = {
			isa = PBXGroup;
			children = (
				F1DAAC891D7E69F200BE232F /* BlurEffectViewController.h */,
				F1DAAC8A1D7E69F200BE232F /* BlurEffectViewController.m */,
			);
			name = "高斯模糊";
			sourceTree = "<group>";
		};
/* End PBXGroup section */

/* Begin PBXNativeTarget section */
		F174BBC01D7D169800C5A026 /* animation */ = {
			isa = PBXNativeTarget;
			buildConfigurationList = F174BBEE1D7D169800C5A026 /* Build configuration list for PBXNativeTarget "animation" */;
			buildPhases = (
				F174BBBD1D7D169800C5A026 /* Sources */,
				F174BBBE1D7D169800C5A026 /* Frameworks */,
				F174BBBF1D7D169800C5A026 /* Resources */,
			);
			buildRules = (
			);
			dependencies = (
			);
			name = animation;
			productName = animation;
			productReference = F174BBC11D7D169800C5A026 /* animation.app */;
			productType = "com.apple.product-type.application";
		};
		F174BBD91D7D169800C5A026 /* animationTests */ = {
			isa = PBXNativeTarget;
			buildConfigurationList = F174BBF11D7D169800C5A026 /* Build configuration list for PBXNativeTarget "animationTests" */;
			buildPhases = (
				F174BBD61D7D169800C5A026 /* Sources */,
				F174BBD71D7D169800C5A026 /* Frameworks */,
				F174BBD81D7D169800C5A026 /* Resources */,
			);
			buildRules = (
			);
			dependencies = (
				F174BBDC1D7D169800C5A026 /* PBXTargetDependency */,
			);
			name = animationTests;
			productName = animationTests;
			productReference = F174BBDA1D7D169800C5A026 /* animationTests.xctest */;
			productType = "com.apple.product-type.bundle.unit-test";
		};
		F174BBE41D7D169800C5A026 /* animationUITests */ = {
			isa = PBXNativeTarget;
			buildConfigurationList = F174BBF41D7D169800C5A026 /* Build configuration list for PBXNativeTarget "animationUITests" */;
			buildPhases = (
				F174BBE11D7D169800C5A026 /* Sources */,
				F174BBE21D7D169800C5A026 /* Frameworks */,
				F174BBE31D7D169800C5A026 /* Resources */,
			);
			buildRules = (
			);
			dependencies = (
				F174BBE71D7D169800C5A026 /* PBXTargetDependency */,
			);
			name = animationUITests;
			productName = animationUITests;
			productReference = F174BBE51D7D169800C5A026 /* animationUITests.xctest */;
			productType = "com.apple.product-type.bundle.ui-testing";
		};
/* End PBXNativeTarget section */

/* Begin PBXProject section */
		F174BBB91D7D169800C5A026 /* Project object */ = {
			isa = PBXProject;
			attributes = {
				LastUpgradeCheck = 0730;
				ORGANIZATIONNAME = "陈成坤";
				TargetAttributes = {
					F174BBC01D7D169800C5A026 = {
						CreatedOnToolsVersion = 7.3.1;
					};
					F174BBD91D7D169800C5A026 = {
						CreatedOnToolsVersion = 7.3.1;
						TestTargetID = F174BBC01D7D169800C5A026;
					};
					F174BBE41D7D169800C5A026 = {
						CreatedOnToolsVersion = 7.3.1;
						TestTargetID = F174BBC01D7D169800C5A026;
					};
				};
			};
			buildConfigurationList = F174BBBC1D7D169800C5A026 /* Build configuration list for PBXProject "animation" */;
			compatibilityVersion = "Xcode 3.2";
			developmentRegion = English;
			hasScannedForEncodings = 0;
			knownRegions = (
				en,
				Base,
			);
			mainGroup = F174BBB81D7D169800C5A026;
			productRefGroup = F174BBC21D7D169800C5A026 /* Products */;
			projectDirPath = "";
			projectRoot = "";
			targets = (
				F174BBC01D7D169800C5A026 /* animation */,
				F174BBD91D7D169800C5A026 /* animationTests */,
				F174BBE41D7D169800C5A026 /* animationUITests */,
			);
		};
/* End PBXProject section */

/* Begin PBXResourcesBuildPhase section */
		F174BBBF1D7D169800C5A026 /* Resources */ = {
			isa = PBXResourcesBuildPhase;
			buildActionMask = 2147483647;
			files = (
				F174BBD41D7D169800C5A026 /* LaunchScreen.storyboard in Resources */,
				F174BBD11D7D169800C5A026 /* Assets.xcassets in Resources */,
				F174BBCF1D7D169800C5A026 /* Main.storyboard in Resources */,
			);
			runOnlyForDeploymentPostprocessing = 0;
		};
		F174BBD81D7D169800C5A026 /* Resources */ = {
			isa = PBXResourcesBuildPhase;
			buildActionMask = 2147483647;
			files = (
			);
			runOnlyForDeploymentPostprocessing = 0;
		};
		F174BBE31D7D169800C5A026 /* Resources */ = {
			isa = PBXResourcesBuildPhase;
			buildActionMask = 2147483647;
			files = (
			);
			runOnlyForDeploymentPostprocessing = 0;
		};
/* End PBXResourcesBuildPhase section */

/* Begin PBXSourcesBuildPhase section */
		F174BBBD1D7D169800C5A026 /* Sources */ = {
			isa = PBXSourcesBuildPhase;
			buildActionMask = 2147483647;
			files = (
				F1DAAC7D1D7D68EC00BE232F /* MaskViewController.m in Sources */,
				F1BC8A5B1D825818000711C1 /* Quartz2dViewController.m in Sources */,
				F1C969461D80FDE800A1A497 /* webView.m in Sources */,
				F1BC8A5E1D825843000711C1 /* QuartzView.m in Sources */,
				F1C969321D7FF7FC00A1A497 /* GradentViewController.m in Sources */,
				F174BBCC1D7D169800C5A026 /* ViewController1.m in Sources */,
				F1C969401D80F57200A1A497 /* ReplicatorView.m in Sources */,
				F174BBC91D7D169800C5A026 /* AppDelegate.m in Sources */,
				F1DAAC7A1D7D680500BE232F /* ViewController.m in Sources */,
				F1DAAC831D7D6A6A00BE232F /* DrawView.m in Sources */,
				F1DAAC801D7D69EB00BE232F /* drawRectViewController.m in Sources */,
				F1C9693A1D80107100A1A497 /* ReplicatorViewController.m in Sources */,
				F1C969361D80053500A1A497 /* EmitterViewController.m in Sources */,
				F1DAAC8B1D7E69F200BE232F /* BlurEffectViewController.m in Sources */,
				F174BBC61D7D169800C5A026 /* main.m in Sources */,
			);
			runOnlyForDeploymentPostprocessing = 0;
		};
		F174BBD61D7D169800C5A026 /* Sources */ = {
			isa = PBXSourcesBuildPhase;
			buildActionMask = 2147483647;
			files = (
				F174BBDF1D7D169800C5A026 /* animationTests.m in Sources */,
			);
			runOnlyForDeploymentPostprocessing = 0;
		};
		F174BBE11D7D169800C5A026 /* Sources */ = {
			isa = PBXSourcesBuildPhase;
			buildActionMask = 2147483647;
			files = (
				F174BBEA1D7D169800C5A026 /* animationUITests.m in Sources */,
			);
			runOnlyForDeploymentPostprocessing = 0;
		};
/* End PBXSourcesBuildPhase section */

/* Begin PBXTargetDependency section */
		F174BBDC1D7D169800C5A026 /* PBXTargetDependency */ = {
			isa = PBXTargetDependency;
			target = F174BBC01D7D169800C5A026 /* animation */;
			targetProxy = F174BBDB1D7D169800C5A026 /* PBXContainerItemProxy */;
		};
		F174BBE71D7D169800C5A026 /* PBXTargetDependency */ = {
			isa = PBXTargetDependency;
			target = F174BBC01D7D169800C5A026 /* animation */;
			targetProxy = F174BBE61D7D169800C5A026 /* PBXContainerItemProxy */;
		};
/* End PBXTargetDependency section */

/* Begin PBXVariantGroup section */
		F174BBCD1D7D169800C5A026 /* Main.storyboard */ = {
			isa = PBXVariantGroup;
			children = (
				F174BBCE1D7D169800C5A026 /* Base */,
			);
			name = Main.storyboard;
			sourceTree = "<group>";
		};
		F174BBD21D7D169800C5A026 /* LaunchScreen.storyboard */ = {
			isa = PBXVariantGroup;
			children = (
				F174BBD31D7D169800C5A026 /* Base */,
			);
			name = LaunchScreen.storyboard;
			sourceTree = "<group>";
		};
/* End PBXVariantGroup section */

/* Begin XCBuildConfiguration section */
		F174BBEC1D7D169800C5A026 /* Debug */ = {
			isa = XCBuildConfiguration;
			buildSettings = {
				ALWAYS_SEARCH_USER_PATHS = NO;
				CLANG_ANALYZER_NONNULL = YES;
				CLANG_CXX_LANGUAGE_STANDARD = "gnu++0x";
				CLANG_CXX_LIBRARY = "libc++";
				CLANG_ENABLE_MODULES = YES;
				CLANG_ENABLE_OBJC_ARC = YES;
				CLANG_WARN_BOOL_CONVERSION = YES;
				CLANG_WARN_CONSTANT_CONVERSION = YES;
				CLANG_WARN_DIRECT_OBJC_ISA_USAGE = YES_ERROR;
				CLANG_WARN_EMPTY_BODY = YES;
				CLANG_WARN_ENUM_CONVERSION = YES;
				CLANG_WARN_INT_CONVERSION = YES;
				CLANG_WARN_OBJC_ROOT_CLASS = YES_ERROR;
				CLANG_WARN_UNREACHABLE_CODE = YES;
				CLANG_WARN__DUPLICATE_METHOD_MATCH = YES;
				"CODE_SIGN_IDENTITY[sdk=iphoneos*]" = "iPhone Developer";
				COPY_PHASE_STRIP = NO;
				DEBUG_INFORMATION_FORMAT = dwarf;
				ENABLE_STRICT_OBJC_MSGSEND = YES;
				ENABLE_TESTABILITY = YES;
				GCC_C_LANGUAGE_STANDARD = gnu99;
				GCC_DYNAMIC_NO_PIC = NO;
				GCC_NO_COMMON_BLOCKS = YES;
				GCC_OPTIMIZATION_LEVEL = 0;
				GCC_PREPROCESSOR_DEFINITIONS = (
					"DEBUG=1",
					"$(inherited)",
				);
				GCC_WARN_64_TO_32_BIT_CONVERSION = YES;
				GCC_WARN_ABOUT_RETURN_TYPE = YES_ERROR;
				GCC_WARN_UNDECLARED_SELECTOR = YES;
				GCC_WARN_UNINITIALIZED_AUTOS = YES_AGGRESSIVE;
				GCC_WARN_UNUSED_FUNCTION = YES;
				GCC_WARN_UNUSED_VARIABLE = YES;
				IPHONEOS_DEPLOYMENT_TARGET = 9.3;
				MTL_ENABLE_DEBUG_INFO = YES;
				ONLY_ACTIVE_ARCH = YES;
				SDKROOT = iphoneos;
				TARGETED_DEVICE_FAMILY = "1,2";
			};
			name = Debug;
		};
		F174BBED1D7D169800C5A026 /* Release */ = {
			isa = XCBuildConfiguration;
			buildSettings = {
				ALWAYS_SEARCH_USER_PATHS = NO;
				CLANG_ANALYZER_NONNULL = YES;
				CLANG_CXX_LANGUAGE_STANDARD = "gnu++0x";
				CLANG_CXX_LIBRARY = "libc++";
				CLANG_ENABLE_MODULES = YES;
				CLANG_ENABLE_OBJC_ARC = YES;
				CLANG_WARN_BOOL_CONVERSION = YES;
				CLANG_WARN_CONSTANT_CONVERSION = YES;
				CLANG_WARN_DIRECT_OBJC_ISA_USAGE = YES_ERROR;
				CLANG_WARN_EMPTY_BODY = YES;
				CLANG_WARN_ENUM_CONVERSION = YES;
				CLANG_WARN_INT_CONVERSION = YES;
				CLANG_WARN_OBJC_ROOT_CLASS = YES_ERROR;
				CLANG_WARN_UNREACHABLE_CODE = YES;
				CLANG_WARN__DUPLICATE_METHOD_MATCH = YES;
				"CODE_SIGN_IDENTITY[sdk=iphoneos*]" = "iPhone Developer";
				COPY_PHASE_STRIP = NO;
				DEBUG_INFORMATION_FORMAT = "dwarf-with-dsym";
				ENABLE_NS_ASSERTIONS = NO;
				ENABLE_STRICT_OBJC_MSGSEND = YES;
				GCC_C_LANGUAGE_STANDARD = gnu99;
				GCC_NO_COMMON_BLOCKS = YES;
				GCC_WARN_64_TO_32_BIT_CONVERSION = YES;
				GCC_WARN_ABOUT_RETURN_TYPE = YES_ERROR;
				GCC_WARN_UNDECLARED_SELECTOR = YES;
				GCC_WARN_UNINITIALIZED_AUTOS = YES_AGGRESSIVE;
				GCC_WARN_UNUSED_FUNCTION = YES;
				GCC_WARN_UNUSED_VARIABLE = YES;
				IPHONEOS_DEPLOYMENT_TARGET = 9.3;
				MTL_ENABLE_DEBUG_INFO = NO;
				SDKROOT = iphoneos;
				TARGETED_DEVICE_FAMILY = "1,2";
				VALIDATE_PRODUCT = YES;
			};
			name = Release;
		};
		F174BBEF1D7D169800C5A026 /* Debug */ = {
			isa = XCBuildConfiguration;
			buildSettings = {
				ASSETCATALOG_COMPILER_APPICON_NAME = AppIcon;
				INFOPLIST_FILE = animation/Info.plist;
				LD_RUNPATH_SEARCH_PATHS = "$(inherited) @executable_path/Frameworks";
				PRODUCT_BUNDLE_IDENTIFIER = dongjh.com.animation;
				PRODUCT_NAME = "$(TARGET_NAME)";
			};
			name = Debug;
		};
		F174BBF01D7D169800C5A026 /* Release */ = {
			isa = XCBuildConfiguration;
			buildSettings = {
				ASSETCATALOG_COMPILER_APPICON_NAME = AppIcon;
				INFOPLIST_FILE = animation/Info.plist;
				LD_RUNPATH_SEARCH_PATHS = "$(inherited) @executable_path/Frameworks";
				PRODUCT_BUNDLE_IDENTIFIER = dongjh.com.animation;
				PRODUCT_NAME = "$(TARGET_NAME)";
			};
			name = Release;
		};
		F174BBF21D7D169800C5A026 /* Debug */ = {
			isa = XCBuildConfiguration;
			buildSettings = {
				BUNDLE_LOADER = "$(TEST_HOST)";
				INFOPLIST_FILE = animationTests/Info.plist;
				LD_RUNPATH_SEARCH_PATHS = "$(inherited) @executable_path/Frameworks @loader_path/Frameworks";
				PRODUCT_BUNDLE_IDENTIFIER = dongjh.com.animationTests;
				PRODUCT_NAME = "$(TARGET_NAME)";
				TEST_HOST = "$(BUILT_PRODUCTS_DIR)/animation.app/animation";
			};
			name = Debug;
		};
		F174BBF31D7D169800C5A026 /* Release */ = {
			isa = XCBuildConfiguration;
			buildSettings = {
				BUNDLE_LOADER = "$(TEST_HOST)";
				INFOPLIST_FILE = animationTests/Info.plist;
				LD_RUNPATH_SEARCH_PATHS = "$(inherited) @executable_path/Frameworks @loader_path/Frameworks";
				PRODUCT_BUNDLE_IDENTIFIER = dongjh.com.animationTests;
				PRODUCT_NAME = "$(TARGET_NAME)";
				TEST_HOST = "$(BUILT_PRODUCTS_DIR)/animation.app/animation";
			};
			name = Release;
		};
		F174BBF51D7D169800C5A026 /* Debug */ = {
			isa = XCBuildConfiguration;
			buildSettings = {
				INFOPLIST_FILE = animationUITests/Info.plist;
				LD_RUNPATH_SEARCH_PATHS = "$(inherited) @executable_path/Frameworks @loader_path/Frameworks";
				PRODUCT_BUNDLE_IDENTIFIER = dongjh.com.animationUITests;
				PRODUCT_NAME = "$(TARGET_NAME)";
				TEST_TARGET_NAME = animation;
			};
			name = Debug;
		};
		F174BBF61D7D169800C5A026 /* Release */ = {
			isa = XCBuildConfiguration;
			buildSettings = {
				INFOPLIST_FILE = animationUITests/Info.plist;
				LD_RUNPATH_SEARCH_PATHS = "$(inherited) @executable_path/Frameworks @loader_path/Frameworks";
				PRODUCT_BUNDLE_IDENTIFIER = dongjh.com.animationUITests;
				PRODUCT_NAME = "$(TARGET_NAME)";
				TEST_TARGET_NAME = animation;
			};
			name = Release;
		};
/* End XCBuildConfiguration section */

/* Begin XCConfigurationList section */
		F174BBBC1D7D169800C5A026 /* Build configuration list for PBXProject "animation" */ = {
			isa = XCConfigurationList;
			buildConfigurations = (
				F174BBEC1D7D169800C5A026 /* Debug */,
				F174BBED1D7D169800C5A026 /* Release */,
			);
			defaultConfigurationIsVisible = 0;
			defaultConfigurationName = Release;
		};
		F174BBEE1D7D169800C5A026 /* Build configuration list for PBXNativeTarget "animation" */ = {
			isa = XCConfigurationList;
			buildConfigurations = (
				F174BBEF1D7D169800C5A026 /* Debug */,
				F174BBF01D7D169800C5A026 /* Release */,
			);
			defaultConfigurationIsVisible = 0;
			defaultConfigurationName = Release;
		};
		F174BBF11D7D169800C5A026 /* Build configuration list for PBXNativeTarget "animationTests" */ = {
			isa = XCConfigurationList;
			buildConfigurations = (
				F174BBF21D7D169800C5A026 /* Debug */,
				F174BBF31D7D169800C5A026 /* Release */,
			);
			defaultConfigurationIsVisible = 0;
			defaultConfigurationName = Release;
		};
		F174BBF41D7D169800C5A026 /* Build configuration list for PBXNativeTarget "animationUITests" */ = {
			isa = XCConfigurationList;
			buildConfigurations = (
				F174BBF51D7D169800C5A026 /* Debug */,
				F174BBF61D7D169800C5A026 /* Release */,
			);
			defaultConfigurationIsVisible = 0;
			defaultConfigurationName = Release;
		};
/* End XCConfigurationList section */
	};
	rootObject = F174BBB91D7D169800C5A026 /* Project object */;
}
